
Microsoft Visual Studio Solution File, Format Version 12.00
# Visual Studio Version 16
VisualStudioVersion = 16.0.30225.117
MinimumVisualStudioVersion = 10.0.40219.1
Project("{9A19103F-16F7-4668-BE54-9A1E7A4F7556}") = "HBSIS.Padawan.SimulacaoCOVIDAPI", "HBSIS.Padawan.TestandoMeuPrimeiroAPI\HBSIS.Padawan.SimulacaoCOVIDAPI.csproj", "{5C466E68-3760-4919-A125-6FB8FF50968F}"
EndProject
Project("{FAE04EC0-301F-11D3-BF4B-00C04F79EFBC}") = "COVID19_Simulator_Client", "COVID19_Simulator_Client\COVID19_Simulator_Client.csproj", "{D0083900-A983-4D2D-974E-EAACCAC709E5}"
EndProject
Global
	GlobalSection(SolutionConfigurationPlatforms) = preSolution
		Debug|Any CPU = Debug|Any CPU
		Release|Any CPU = Release|Any CPU
	EndGlobalSection
	GlobalSection(ProjectConfigurationPlatforms) = postSolution
		{5C466E68-3760-4919-A125-6FB8FF50968F}.Debug|Any CPU.ActiveCfg = Debug|Any CPU
		{5C466E68-3760-4919-A125-6FB8FF50968F}.Debug|Any CPU.Build.0 = Debug|Any CPU
		{5C466E68-3760-4919-A125-6FB8FF50968F}.Release|Any CPU.ActiveCfg = Release|Any CPU
		{5C466E68-3760-4919-A125-6FB8FF50968F}.Release|Any CPU.Build.0 = Release|Any CPU
		{D0083900-A983-4D2D-974E-EAACCAC709E5}.Debug|Any CPU.ActiveCfg = Debug|Any CPU
		{D0083900-A983-4D2D-974E-EAACCAC709E5}.Debug|Any CPU.Build.0 = Debug|Any CPU
		{D0083900-A983-4D2D-974E-EAACCAC709E5}.Release|Any CPU.ActiveCfg = Release|Any CPU
		{D0083900-A983-4D2D-974E-EAACCAC709E5}.Release|Any CPU.Build.0 = Release|Any CPU
	EndGlobalSection
	GlobalSection(SolutionProperties) = preSolution
		HideSolutionNode = FALSE
	EndGlobalSection
	GlobalSection(ExtensibilityGlobals) = postSolution
		SolutionGuid = {3A390323-92D8-4E12-B45D-7716C60A4C87}
	EndGlobalSection
EndGlobal
